
Microsoft Visual Studio Solution File, Format Version 12.00
# Visual Studio Version 16
VisualStudioVersion = 16.0.31424.327
MinimumVisualStudioVersion = 10.0.40219.1
Project("{FAE04EC0-301F-11D3-BF4B-00C04F79EFBC}") = "JohnDoeEjercicio02", "JohnDoeEjercicio02\JohnDoeEjercicio02.csproj", "{C4EDC84F-C812-4921-96F2-75AE7929EABE}"
EndProject
Global
	GlobalSection(SolutionConfigurationPlatforms) = preSolution
		Debug|Any CPU = Debug|Any CPU
		Release|Any CPU = Release|Any CPU
	EndGlobalSection
	GlobalSection(ProjectConfigurationPlatforms) = postSolution
		{C4EDC84F-C812-4921-96F2-75AE7929EABE}.Debug|Any CPU.ActiveCfg = Debug|Any CPU
		{C4EDC84F-C812-4921-96F2-75AE7929EABE}.Debug|Any CPU.Build.0 = Debug|Any CPU
		{C4EDC84F-C812-4921-96F2-75AE7929EABE}.Release|Any CPU.ActiveCfg = Release|Any CPU
		{C4EDC84F-C812-4921-96F2-75AE7929EABE}.Release|Any CPU.Build.0 = Release|Any CPU
	EndGlobalSection
	GlobalSection(SolutionProperties) = preSolution
		HideSolutionNode = FALSE
	EndGlobalSection
	GlobalSection(ExtensibilityGlobals) = postSolution
		SolutionGuid = {7263A730-7F6E-4179-98F6-FBDFD87A2177}
	EndGlobalSection
EndGlobal
